// !$*UTF8*$!
{
	archiveVersion = 1;
	classes = {
	};
	objectVersion = 77;
	objects = {

/* Begin PBXBuildFile section */
		6F7DA30D2F06E9E7009D54F2 /* FirebaseAnalytics in Frameworks */ = {isa = PBXBuildFile; productRef = 6F7DA30C2F06E9E7009D54F2 /* FirebaseAnalytics */; };
		6F7DA30F2F06E9E7009D54F2 /* FirebaseAnalyticsCore in Frameworks */ = {isa = PBXBuildFile; productRef = 6F7DA30E2F06E9E7009D54F2 /* FirebaseAnalyticsCore */; };
		6F7DA3112F06E9E7009D54F2 /* FirebaseAppCheck in Frameworks */ = {isa = PBXBuildFile; productRef = 6F7DA3102F06E9E7009D54F2 /* FirebaseAppCheck */; };
		6F7DA3132F06E9E7009D54F2 /* FirebaseAuth in Frameworks */ = {isa = PBXBuildFile; productRef = 6F7DA3122F06E9E7009D54F2 /* FirebaseAuth */; };
		6F7DA3152F06E9E7009D54F2 /* FirebaseFirestore in Frameworks */ = {isa = PBXBuildFile; productRef = 6F7DA3142F06E9E7009D54F2 /* FirebaseFirestore */; };
		6F7DA3172F06E9E7009D54F2 /* FirebaseMessaging in Frameworks */ = {isa = PBXBuildFile; productRef = 6F7DA3162F06E9E7009D54F2 /* FirebaseMessaging */; };
		6F7DA3552F0717E8009D54F2 /* PagrrNotifications.appex in Embed Foundation Extensions */ = {isa = PBXBuildFile; fileRef = 6F7DA34E2F0717E8009D54F2 /* PagrrNotifications.appex */; settings = {ATTRIBUTES = (RemoveHeadersOnCopy, ); }; };
		6F7DA3602F0723CE009D54F2 /* Localizable.xcstrings in Resources */ = {isa = PBXBuildFile; fileRef = 6F7DA35F2F0723CE009D54F2 /* Localizable.xcstrings */; };
/* End PBXBuildFile section */

/* Begin PBXContainerItemProxy section */
		6F7DA3532F0717E8009D54F2 /* PBXContainerItemProxy */ = {
			isa = PBXContainerItemProxy;
			containerPortal = 6F7DA2F22F06E733009D54F2 /* Project object */;
			proxyType = 1;
			remoteGlobalIDString = 6F7DA34D2F0717E8009D54F2;
			remoteInfo = PagrrNotifications;
		};
/* End PBXContainerItemProxy section */

/* Begin PBXCopyFilesBuildPhase section */
		6F7DA35A2F0717E8009D54F2 /* Embed Foundation Extensions */ = {
			isa = PBXCopyFilesBuildPhase;
			buildActionMask = 2147483647;
			dstPath = "";
			dstSubfolderSpec = 13;
			files = (
				6F7DA3552F0717E8009D54F2 /* PagrrNotifications.appex in Embed Foundation Extensions */,
			);
			name = "Embed Foundation Extensions";
			runOnlyForDeploymentPostprocessing = 0;
		};
/* End PBXCopyFilesBuildPhase section */

/* Begin PBXFileReference section */
		6F7DA2FA2F06E733009D54F2 /* Pagrr.app */ = {isa = PBXFileReference; explicitFileType = wrapper.application; includeInIndex = 0; path = Pagrr.app; sourceTree = BUILT_PRODUCTS_DIR; };
		6F7DA34E2F0717E8009D54F2 /* PagrrNotifications.appex */ = {isa = PBXFileReference; explicitFileType = "wrapper.app-extension"; includeInIndex = 0; path = PagrrNotifications.appex; sourceTree = BUILT_PRODUCTS_DIR; };
		6F7DA35F2F0723CE009D54F2 /* Localizable.xcstrings */ = {isa = PBXFileReference; lastKnownFileType = text.json.xcstrings; path = Localizable.xcstrings; sourceTree = "<group>"; };
/* End PBXFileReference section */

/* Begin PBXFileSystemSynchronizedBuildFileExceptionSet section */
		6F7DA33E2F0701C4009D54F2 /* Exceptions for "Pagrr" folder in "Pagrr" target */ = {
			isa = PBXFileSystemSynchronizedBuildFileExceptionSet;
			membershipExceptions = (
				Info.plist,
			);
			target = 6F7DA2F92F06E733009D54F2 /* Pagrr */;
		};
		6F7DA3592F0717E8009D54F2 /* Exceptions for "PagrrNotifications" folder in "PagrrNotifications" target */ = {
			isa = PBXFileSystemSynchronizedBuildFileExceptionSet;
			membershipExceptions = (
				Info.plist,
			);
			target = 6F7DA34D2F0717E8009D54F2 /* PagrrNotifications */;
		};
/* End PBXFileSystemSynchronizedBuildFileExceptionSet section */

/* Begin PBXFileSystemSynchronizedRootGroup section */
		6F7DA2FC2F06E733009D54F2 /* Pagrr */ = {
			isa = PBXFileSystemSynchronizedRootGroup;
			exceptions = (
				6F7DA33E2F0701C4009D54F2 /* Exceptions for "Pagrr" folder in "Pagrr" target */,
			);
			path = Pagrr;
			sourceTree = "<group>";
		};
		6F7DA34F2F0717E8009D54F2 /* PagrrNotifications */ = {
			isa = PBXFileSystemSynchronizedRootGroup;
			exceptions = (
				6F7DA3592F0717E8009D54F2 /* Exceptions for "PagrrNotifications" folder in "PagrrNotifications" target */,
			);
			path = PagrrNotifications;
			sourceTree = "<group>";
		};
/* End PBXFileSystemSynchronizedRootGroup section */

/* Begin PBXFrameworksBuildPhase section */
		6F7DA2F72F06E733009D54F2 /* Frameworks */ = {
			isa = PBXFrameworksBuildPhase;
			buildActionMask = 2147483647;
			files = (
				6F7DA3172F06E9E7009D54F2 /* FirebaseMessaging in Frameworks */,
				6F7DA30D2F06E9E7009D54F2 /* FirebaseAnalytics in Frameworks */,
				6F7DA3112F06E9E7009D54F2 /* FirebaseAppCheck in Frameworks */,
				6F7DA30F2F06E9E7009D54F2 /* FirebaseAnalyticsCore in Frameworks */,
				6F7DA3152F06E9E7009D54F2 /* FirebaseFirestore in Frameworks */,
				6F7DA3132F06E9E7009D54F2 /* FirebaseAuth in Frameworks */,
			);
			runOnlyForDeploymentPostprocessing = 0;
		};
		6F7DA34B2F0717E8009D54F2 /* Frameworks */ = {
			isa = PBXFrameworksBuildPhase;
			buildActionMask = 2147483647;
			files = (
			);
			runOnlyForDeploymentPostprocessing = 0;
		};
/* End PBXFrameworksBuildPhase section */

/* Begin PBXGroup section */
		6F7DA2F12F06E733009D54F2 = {
			isa = PBXGroup;
			children = (
				6F7DA35F2F0723CE009D54F2 /* Localizable.xcstrings */,
				6F7DA2FC2F06E733009D54F2 /* Pagrr */,
				6F7DA34F2F0717E8009D54F2 /* PagrrNotifications */,
				6F7DA2FB2F06E733009D54F2 /* Products */,
			);
			sourceTree = "<group>";
		};
		6F7DA2FB2F06E733009D54F2 /* Products */ = {
			isa = PBXGroup;
			children = (
				6F7DA2FA2F06E733009D54F2 /* Pagrr.app */,
				6F7DA34E2F0717E8009D54F2 /* PagrrNotifications.appex */,
			);
			name = Products;
			sourceTree = "<group>";
		};
/* End PBXGroup section */

/* Begin PBXNativeTarget section */
		6F7DA2F92F06E733009D54F2 /* Pagrr */ = {
			isa = PBXNativeTarget;
			buildConfigurationList = 6F7DA3052F06E734009D54F2 /* Build configuration list for PBXNativeTarget "Pagrr" */;
			buildPhases = (
				6F7DA2F62F06E733009D54F2 /* Sources */,
				6F7DA2F72F06E733009D54F2 /* Frameworks */,
				6F7DA2F82F06E733009D54F2 /* Resources */,
				6F7DA35A2F0717E8009D54F2 /* Embed Foundation Extensions */,
			);
			buildRules = (
			);
			dependencies = (
				6F7DA3542F0717E8009D54F2 /* PBXTargetDependency */,
			);
			fileSystemSynchronizedGroups = (
				6F7DA2FC2F06E733009D54F2 /* Pagrr */,
			);
			name = Pagrr;
			packageProductDependencies = (
				6F7DA30C2F06E9E7009D54F2 /* FirebaseAnalytics */,
				6F7DA30E2F06E9E7009D54F2 /* FirebaseAnalyticsCore */,
				6F7DA3102F06E9E7009D54F2 /* FirebaseAppCheck */,
				6F7DA3122F06E9E7009D54F2 /* FirebaseAuth */,
				6F7DA3142F06E9E7009D54F2 /* FirebaseFirestore */,
				6F7DA3162F06E9E7009D54F2 /* FirebaseMessaging */,
			);
			productName = Pagrr;
			productReference = 6F7DA2FA2F06E733009D54F2 /* Pagrr.app */;
			productType = "com.apple.product-type.application";
		};
		6F7DA34D2F0717E8009D54F2 /* PagrrNotifications */ = {
			isa = PBXNativeTarget;
			buildConfigurationList = 6F7DA3562F0717E8009D54F2 /* Build configuration list for PBXNativeTarget "PagrrNotifications" */;
			buildPhases = (
				6F7DA34A2F0717E8009D54F2 /* Sources */,
				6F7DA34B2F0717E8009D54F2 /* Frameworks */,
				6F7DA34C2F0717E8009D54F2 /* Resources */,
			);
			buildRules = (
			);
			dependencies = (
			);
			fileSystemSynchronizedGroups = (
				6F7DA34F2F0717E8009D54F2 /* PagrrNotifications */,
			);
			name = PagrrNotifications;
			packageProductDependencies = (
			);
			productName = PagrrNotifications;
			productReference = 6F7DA34E2F0717E8009D54F2 /* PagrrNotifications.appex */;
			productType = "com.apple.product-type.app-extension";
		};
/* End PBXNativeTarget section */

/* Begin PBXProject section */
		6F7DA2F22F06E733009D54F2 /* Project object */ = {
			isa = PBXProject;
			attributes = {
				BuildIndependentTargetsInParallel = 1;
				LastSwiftUpdateCheck = 2620;
				LastUpgradeCheck = 2620;
				TargetAttributes = {
					6F7DA2F92F06E733009D54F2 = {
						CreatedOnToolsVersion = 26.2;
					};
					6F7DA34D2F0717E8009D54F2 = {
						CreatedOnToolsVersion = 26.2;
					};
				};
			};
			buildConfigurationList = 6F7DA2F52F06E733009D54F2 /* Build configuration list for PBXProject "Pagrr" */;
			developmentRegion = en;
			hasScannedForEncodings = 0;
			knownRegions = (
				en,
				de,
			);
			mainGroup = 6F7DA2F12F06E733009D54F2;
			minimizedProjectReferenceProxies = 1;
			packageReferences = (
				6F7DA30B2F06E9E7009D54F2 /* XCRemoteSwiftPackageReference "firebase-ios-sdk" */,
			);
			preferredProjectObjectVersion = 77;
			productRefGroup = 6F7DA2FB2F06E733009D54F2 /* Products */;
			projectDirPath = "";
			projectRoot = "";
			targets = (
				6F7DA2F92F06E733009D54F2 /* Pagrr */,
				6F7DA34D2F0717E8009D54F2 /* PagrrNotifications */,
			);
		};
/* End PBXProject section */

/* Begin PBXResourcesBuildPhase section */
		6F7DA2F82F06E733009D54F2 /* Resources */ = {
			isa = PBXResourcesBuildPhase;
			buildActionMask = 2147483647;
			files = (
				6F7DA3602F0723CE009D54F2 /* Localizable.xcstrings in Resources */,
			);
			runOnlyForDeploymentPostprocessing = 0;
		};
		6F7DA34C2F0717E8009D54F2 /* Resources */ = {
			isa = PBXResourcesBuildPhase;
			buildActionMask = 2147483647;
			files = (
			);
			runOnlyForDeploymentPostprocessing = 0;
		};
/* End PBXResourcesBuildPhase section */

/* Begin PBXSourcesBuildPhase section */
		6F7DA2F62F06E733009D54F2 /* Sources */ = {
			isa = PBXSourcesBuildPhase;
			buildActionMask = 2147483647;
			files = (
			);
			runOnlyForDeploymentPostprocessing = 0;
		};
		6F7DA34A2F0717E8009D54F2 /* Sources */ = {
			isa = PBXSourcesBuildPhase;
			buildActionMask = 2147483647;
			files = (
			);
			runOnlyForDeploymentPostprocessing = 0;
		};
/* End PBXSourcesBuildPhase section */

/* Begin PBXTargetDependency section */
		6F7DA3542F0717E8009D54F2 /* PBXTargetDependency */ = {
			isa = PBXTargetDependency;
			target = 6F7DA34D2F0717E8009D54F2 /* PagrrNotifications */;
			targetProxy = 6F7DA3532F0717E8009D54F2 /* PBXContainerItemProxy */;
		};
/* End PBXTargetDependency section */

/* Begin XCBuildConfiguration section */
		6F7DA3032F06E734009D54F2 /* Debug */ = {
			isa = XCBuildConfiguration;
			buildSettings = {
				ALWAYS_SEARCH_USER_PATHS = NO;
				ASSETCATALOG_COMPILER_GENERATE_SWIFT_ASSET_SYMBOL_EXTENSIONS = YES;
				CLANG_ANALYZER_NONNULL = YES;
				CLANG_ANALYZER_NUMBER_OBJECT_CONVERSION = YES_AGGRESSIVE;
				CLANG_CXX_LANGUAGE_STANDARD = "gnu++20";
				CLANG_ENABLE_MODULES = YES;
				CLANG_ENABLE_OBJC_ARC = YES;
				CLANG_ENABLE_OBJC_WEAK = YES;
				CLANG_WARN_BLOCK_CAPTURE_AUTORELEASING = YES;
				CLANG_WARN_BOOL_CONVERSION = YES;
				CLANG_WARN_COMMA = YES;
				CLANG_WARN_CONSTANT_CONVERSION = YES;
				CLANG_WARN_DEPRECATED_OBJC_IMPLEMENTATIONS = YES;
				CLANG_WARN_DIRECT_OBJC_ISA_USAGE = YES_ERROR;
				CLANG_WARN_DOCUMENTATION_COMMENTS = YES;
				CLANG_WARN_EMPTY_BODY = YES;
				CLANG_WARN_ENUM_CONVERSION = YES;
				CLANG_WARN_INFINITE_RECURSION = YES;
				CLANG_WARN_INT_CONVERSION = YES;
				CLANG_WARN_NON_LITERAL_NULL_CONVERSION = YES;
				CLANG_WARN_OBJC_IMPLICIT_RETAIN_SELF = YES;
				CLANG_WARN_OBJC_LITERAL_CONVERSION = YES;
				CLANG_WARN_OBJC_ROOT_CLASS = YES_ERROR;
				CLANG_WARN_QUOTED_INCLUDE_IN_FRAMEWORK_HEADER = YES;
				CLANG_WARN_RANGE_LOOP_ANALYSIS = YES;
				CLANG_WARN_STRICT_PROTOTYPES = YES;
				CLANG_WARN_SUSPICIOUS_MOVE = YES;
				CLANG_WARN_UNGUARDED_AVAILABILITY = YES_AGGRESSIVE;
				CLANG_WARN_UNREACHABLE_CODE = YES;
				CLANG_WARN__DUPLICATE_METHOD_MATCH = YES;
				COPY_PHASE_STRIP = NO;
				DEBUG_INFORMATION_FORMAT = dwarf;
				DEVELOPMENT_TEAM = 68BLC88PQ9;
				ENABLE_STRICT_OBJC_MSGSEND = YES;
				ENABLE_TESTABILITY = YES;
				ENABLE_USER_SCRIPT_SANDBOXING = YES;
				GCC_C_LANGUAGE_STANDARD = gnu17;
				GCC_DYNAMIC_NO_PIC = NO;
				GCC_NO_COMMON_BLOCKS = YES;
				GCC_OPTIMIZATION_LEVEL = 0;
				GCC_PREPROCESSOR_DEFINITIONS = (
					"DEBUG=1",
					"$(inherited)",
				);
				GCC_WARN_64_TO_32_BIT_CONVERSION = YES;
				GCC_WARN_ABOUT_RETURN_TYPE = YES_ERROR;
				GCC_WARN_UNDECLARED_SELECTOR = YES;
				GCC_WARN_UNINITIALIZED_AUTOS = YES_AGGRESSIVE;
				GCC_WARN_UNUSED_FUNCTION = YES;
				GCC_WARN_UNUSED_VARIABLE = YES;
				IPHONEOS_DEPLOYMENT_TARGET = 26.2;
				LOCALIZATION_PREFERS_STRING_CATALOGS = YES;
				MTL_ENABLE_DEBUG_INFO = INCLUDE_SOURCE;
				MTL_FAST_MATH = YES;
				ONLY_ACTIVE_ARCH = YES;
				SDKROOT = iphoneos;
				SWIFT_ACTIVE_COMPILATION_CONDITIONS = "DEBUG $(inherited)";
				SWIFT_EMIT_LOC_STRINGS = YES;
				SWIFT_OPTIMIZATION_LEVEL = "-Onone";
			};
			name = Debug;
		};
		6F7DA3042F06E734009D54F2 /* Release */ = {
			isa = XCBuildConfiguration;
			buildSettings = {
				ALWAYS_SEARCH_USER_PATHS = NO;
				ASSETCATALOG_COMPILER_GENERATE_SWIFT_ASSET_SYMBOL_EXTENSIONS = YES;
				CLANG_ANALYZER_NONNULL = YES;
				CLANG_ANALYZER_NUMBER_OBJECT_CONVERSION = YES_AGGRESSIVE;
				CLANG_CXX_LANGUAGE_STANDARD = "gnu++20";
				CLANG_ENABLE_MODULES = YES;
				CLANG_ENABLE_OBJC_ARC = YES;
				CLANG_ENABLE_OBJC_WEAK = YES;
				CLANG_WARN_BLOCK_CAPTURE_AUTORELEASING = YES;
				CLANG_WARN_BOOL_CONVERSION = YES;
				CLANG_WARN_COMMA = YES;
				CLANG_WARN_CONSTANT_CONVERSION = YES;
				CLANG_WARN_DEPRECATED_OBJC_IMPLEMENTATIONS = YES;
				CLANG_WARN_DIRECT_OBJC_ISA_USAGE = YES_ERROR;
				CLANG_WARN_DOCUMENTATION_COMMENTS = YES;
				CLANG_WARN_EMPTY_BODY = YES;
				CLANG_WARN_ENUM_CONVERSION = YES;
				CLANG_WARN_INFINITE_RECURSION = YES;
				CLANG_WARN_INT_CONVERSION = YES;
				CLANG_WARN_NON_LITERAL_NULL_CONVERSION = YES;
				CLANG_WARN_OBJC_IMPLICIT_RETAIN_SELF = YES;
				CLANG_WARN_OBJC_LITERAL_CONVERSION = YES;
				CLANG_WARN_OBJC_ROOT_CLASS = YES_ERROR;
				CLANG_WARN_QUOTED_INCLUDE_IN_FRAMEWORK_HEADER = YES;
				CLANG_WARN_RANGE_LOOP_ANALYSIS = YES;
				CLANG_WARN_STRICT_PROTOTYPES = YES;
				CLANG_WARN_SUSPICIOUS_MOVE = YES;
				CLANG_WARN_UNGUARDED_AVAILABILITY = YES_AGGRESSIVE;
				CLANG_WARN_UNREACHABLE_CODE = YES;
				CLANG_WARN__DUPLICATE_METHOD_MATCH = YES;
				COPY_PHASE_STRIP = NO;
				DEBUG_INFORMATION_FORMAT = "dwarf-with-dsym";
				DEVELOPMENT_TEAM = 68BLC88PQ9;
				ENABLE_NS_ASSERTIONS = NO;
				ENABLE_STRICT_OBJC_MSGSEND = YES;
				ENABLE_USER_SCRIPT_SANDBOXING = YES;
				GCC_C_LANGUAGE_STANDARD = gnu17;
				GCC_NO_COMMON_BLOCKS = YES;
				GCC_WARN_64_TO_32_BIT_CONVERSION = YES;
				GCC_WARN_ABOUT_RETURN_TYPE = YES_ERROR;
				GCC_WARN_UNDECLARED_SELECTOR = YES;
				GCC_WARN_UNINITIALIZED_AUTOS = YES_AGGRESSIVE;
				GCC_WARN_UNUSED_FUNCTION = YES;
				GCC_WARN_UNUSED_VARIABLE = YES;
				IPHONEOS_DEPLOYMENT_TARGET = 26.2;
				LOCALIZATION_PREFERS_STRING_CATALOGS = YES;
				MTL_ENABLE_DEBUG_INFO = NO;
				MTL_FAST_MATH = YES;
				SDKROOT = iphoneos;
				SWIFT_COMPILATION_MODE = wholemodule;
				SWIFT_EMIT_LOC_STRINGS = YES;
				VALIDATE_PRODUCT = YES;
			};
			name = Release;
		};
		6F7DA3062F06E734009D54F2 /* Debug */ = {
			isa = XCBuildConfiguration;
			buildSettings = {
				ASSETCATALOG_COMPILER_APPICON_NAME = AppIcon;
				ASSETCATALOG_COMPILER_GLOBAL_ACCENT_COLOR_NAME = AccentColor;
				CODE_SIGN_ENTITLEMENTS = Pagrr/Pagrr.entitlements;
				CODE_SIGN_STYLE = Automatic;
				CURRENT_PROJECT_VERSION = 1;
				DEVELOPMENT_TEAM = 68BLC88PQ9;
				ENABLE_PREVIEWS = YES;
				GENERATE_INFOPLIST_FILE = YES;
				INFOPLIST_FILE = Pagrr/Info.plist;
				INFOPLIST_KEY_CFBundleDisplayName = Pagrr;
				INFOPLIST_KEY_ITSAppUsesNonExemptEncryption = NO;
				INFOPLIST_KEY_LSApplicationCategoryType = "public.app-category.productivity";
				INFOPLIST_KEY_UIApplicationSceneManifest_Generation = YES;
				INFOPLIST_KEY_UIApplicationSupportsIndirectInputEvents = YES;
				INFOPLIST_KEY_UILaunchScreen_Generation = YES;
				INFOPLIST_KEY_UISupportedInterfaceOrientations_iPad = "UIInterfaceOrientationPortrait UIInterfaceOrientationPortraitUpsideDown UIInterfaceOrientationLandscapeLeft UIInterfaceOrientationLandscapeRight";
				INFOPLIST_KEY_UISupportedInterfaceOrientations_iPhone = "UIInterfaceOrientationPortrait UIInterfaceOrientationLandscapeLeft UIInterfaceOrientationLandscapeRight";
				IPHONEOS_DEPLOYMENT_TARGET = 26.0;
				LD_RUNPATH_SEARCH_PATHS = (
					"$(inherited)",
					"@executable_path/Frameworks",
				);
				MARKETING_VERSION = 1.0.0;
				PRODUCT_BUNDLE_IDENTIFIER = de.valentinlehmann.pagrr;
				PRODUCT_NAME = "$(TARGET_NAME)";
				STRING_CATALOG_GENERATE_SYMBOLS = YES;
				SWIFT_APPROACHABLE_CONCURRENCY = YES;
				SWIFT_DEFAULT_ACTOR_ISOLATION = MainActor;
				SWIFT_EMIT_LOC_STRINGS = YES;
				SWIFT_UPCOMING_FEATURE_MEMBER_IMPORT_VISIBILITY = YES;
				SWIFT_VERSION = 5.0;
				TARGETED_DEVICE_FAMILY = "1,2";
			};
			name = Debug;
		};
		6F7DA3072F06E734009D54F2 /* Release */ = {
			isa = XCBuildConfiguration;
			buildSettings = {
				ASSETCATALOG_COMPILER_APPICON_NAME = AppIcon;
				ASSETCATALOG_COMPILER_GLOBAL_ACCENT_COLOR_NAME = AccentColor;
				CODE_SIGN_ENTITLEMENTS = Pagrr/Pagrr.entitlements;
				CODE_SIGN_STYLE = Automatic;
				CURRENT_PROJECT_VERSION = 1;
				DEVELOPMENT_TEAM = 68BLC88PQ9;
				ENABLE_PREVIEWS = YES;
				GENERATE_INFOPLIST_FILE = YES;
				INFOPLIST_FILE = Pagrr/Info.plist;
				INFOPLIST_KEY_CFBundleDisplayName = Pagrr;
				INFOPLIST_KEY_ITSAppUsesNonExemptEncryption = NO;
				INFOPLIST_KEY_LSApplicationCategoryType = "public.app-category.productivity";
				INFOPLIST_KEY_UIApplicationSceneManifest_Generation = YES;
				INFOPLIST_KEY_UIApplicationSupportsIndirectInputEvents = YES;
				INFOPLIST_KEY_UILaunchScreen_Generation = YES;
				INFOPLIST_KEY_UISupportedInterfaceOrientations_iPad = "UIInterfaceOrientationPortrait UIInterfaceOrientationPortraitUpsideDown UIInterfaceOrientationLandscapeLeft UIInterfaceOrientationLandscapeRight";
				INFOPLIST_KEY_UISupportedInterfaceOrientations_iPhone = "UIInterfaceOrientationPortrait UIInterfaceOrientationLandscapeLeft UIInterfaceOrientationLandscapeRight";
				IPHONEOS_DEPLOYMENT_TARGET = 26.0;
				LD_RUNPATH_SEARCH_PATHS = (
					"$(inherited)",
					"@executable_path/Frameworks",
				);
				MARKETING_VERSION = 1.0.0;
				PRODUCT_BUNDLE_IDENTIFIER = de.valentinlehmann.pagrr;
				PRODUCT_NAME = "$(TARGET_NAME)";
				STRING_CATALOG_GENERATE_SYMBOLS = YES;
				SWIFT_APPROACHABLE_CONCURRENCY = YES;
				SWIFT_DEFAULT_ACTOR_ISOLATION = MainActor;
				SWIFT_EMIT_LOC_STRINGS = YES;
				SWIFT_UPCOMING_FEATURE_MEMBER_IMPORT_VISIBILITY = YES;
				SWIFT_VERSION = 5.0;
				TARGETED_DEVICE_FAMILY = "1,2";
			};
			name = Release;
		};
		6F7DA3572F0717E8009D54F2 /* Debug */ = {
			isa = XCBuildConfiguration;
			buildSettings = {
				CODE_SIGN_STYLE = Automatic;
				CURRENT_PROJECT_VERSION = 1;
				DEVELOPMENT_TEAM = 68BLC88PQ9;
				GENERATE_INFOPLIST_FILE = YES;
				INFOPLIST_FILE = PagrrNotifications/Info.plist;
				INFOPLIST_KEY_CFBundleDisplayName = PagrrNotifications;
				INFOPLIST_KEY_NSHumanReadableCopyright = "";
				LD_RUNPATH_SEARCH_PATHS = (
					"$(inherited)",
					"@executable_path/Frameworks",
					"@executable_path/../../Frameworks",
				);
				MARKETING_VERSION = 1.0;
				PRODUCT_BUNDLE_IDENTIFIER = de.valentinlehmann.pagrr.PagrrNotifications;
				PRODUCT_NAME = "$(TARGET_NAME)";
				SKIP_INSTALL = YES;
				STRING_CATALOG_GENERATE_SYMBOLS = YES;
				SWIFT_APPROACHABLE_CONCURRENCY = YES;
				SWIFT_EMIT_LOC_STRINGS = YES;
				SWIFT_UPCOMING_FEATURE_MEMBER_IMPORT_VISIBILITY = YES;
				SWIFT_VERSION = 5.0;
				TARGETED_DEVICE_FAMILY = "1,2";
			};
			name = Debug;
		};
		6F7DA3582F0717E8009D54F2 /* Release */ = {
			isa = XCBuildConfiguration;
			buildSettings = {
				CODE_SIGN_STYLE = Automatic;
				CURRENT_PROJECT_VERSION = 1;
				DEVELOPMENT_TEAM = 68BLC88PQ9;
				GENERATE_INFOPLIST_FILE = YES;
				INFOPLIST_FILE = PagrrNotifications/Info.plist;
				INFOPLIST_KEY_CFBundleDisplayName = PagrrNotifications;
				INFOPLIST_KEY_NSHumanReadableCopyright = "";
				LD_RUNPATH_SEARCH_PATHS = (
					"$(inherited)",
					"@executable_path/Frameworks",
					"@executable_path/../../Frameworks",
				);
				MARKETING_VERSION = 1.0;
				PRODUCT_BUNDLE_IDENTIFIER = de.valentinlehmann.pagrr.PagrrNotifications;
				PRODUCT_NAME = "$(TARGET_NAME)";
				SKIP_INSTALL = YES;
				STRING_CATALOG_GENERATE_SYMBOLS = YES;
				SWIFT_APPROACHABLE_CONCURRENCY = YES;
				SWIFT_EMIT_LOC_STRINGS = YES;
				SWIFT_UPCOMING_FEATURE_MEMBER_IMPORT_VISIBILITY = YES;
				SWIFT_VERSION = 5.0;
				TARGETED_DEVICE_FAMILY = "1,2";
			};
			name = Release;
		};
/* End XCBuildConfiguration section */

/* Begin XCConfigurationList section */
		6F7DA2F52F06E733009D54F2 /* Build configuration list for PBXProject "Pagrr" */ = {
			isa = XCConfigurationList;
			buildConfigurations = (
				6F7DA3032F06E734009D54F2 /* Debug */,
				6F7DA3042F06E734009D54F2 /* Release */,
			);
			defaultConfigurationIsVisible = 0;
			defaultConfigurationName = Release;
		};
		6F7DA3052F06E734009D54F2 /* Build configuration list for PBXNativeTarget "Pagrr" */ = {
			isa = XCConfigurationList;
			buildConfigurations = (
				6F7DA3062F06E734009D54F2 /* Debug */,
				6F7DA3072F06E734009D54F2 /* Release */,
			);
			defaultConfigurationIsVisible = 0;
			defaultConfigurationName = Release;
		};
		6F7DA3562F0717E8009D54F2 /* Build configuration list for PBXNativeTarget "PagrrNotifications" */ = {
			isa = XCConfigurationList;
			buildConfigurations = (
				6F7DA3572F0717E8009D54F2 /* Debug */,
				6F7DA3582F0717E8009D54F2 /* Release */,
			);
			defaultConfigurationIsVisible = 0;
			defaultConfigurationName = Release;
		};
/* End XCConfigurationList section */

/* Begin XCRemoteSwiftPackageReference section */
		6F7DA30B2F06E9E7009D54F2 /* XCRemoteSwiftPackageReference "firebase-ios-sdk" */ = {
			isa = XCRemoteSwiftPackageReference;
			repositoryURL = "https://github.com/firebase/firebase-ios-sdk";
			requirement = {
				kind = upToNextMajorVersion;
				minimumVersion = 12.7.0;
			};
		};
/* End XCRemoteSwiftPackageReference section */

/* Begin XCSwiftPackageProductDependency section */
		6F7DA30C2F06E9E7009D54F2 /* FirebaseAnalytics */ = {
			isa = XCSwiftPackageProductDependency;
			package = 6F7DA30B2F06E9E7009D54F2 /* XCRemoteSwiftPackageReference "firebase-ios-sdk" */;
			productName = FirebaseAnalytics;
		};
		6F7DA30E2F06E9E7009D54F2 /* FirebaseAnalyticsCore */ = {
			isa = XCSwiftPackageProductDependency;
			package = 6F7DA30B2F06E9E7009D54F2 /* XCRemoteSwiftPackageReference "firebase-ios-sdk" */;
			productName = FirebaseAnalyticsCore;
		};
		6F7DA3102F06E9E7009D54F2 /* FirebaseAppCheck */ = {
			isa = XCSwiftPackageProductDependency;
			package = 6F7DA30B2F06E9E7009D54F2 /* XCRemoteSwiftPackageReference "firebase-ios-sdk" */;
			productName = FirebaseAppCheck;
		};
		6F7DA3122F06E9E7009D54F2 /* FirebaseAuth */ = {
			isa = XCSwiftPackageProductDependency;
			package = 6F7DA30B2F06E9E7009D54F2 /* XCRemoteSwiftPackageReference "firebase-ios-sdk" */;
			productName = FirebaseAuth;
		};
		6F7DA3142F06E9E7009D54F2 /* FirebaseFirestore */ = {
			isa = XCSwiftPackageProductDependency;
			package = 6F7DA30B2F06E9E7009D54F2 /* XCRemoteSwiftPackageReference "firebase-ios-sdk" */;
			productName = FirebaseFirestore;
		};
		6F7DA3162F06E9E7009D54F2 /* FirebaseMessaging */ = {
			isa = XCSwiftPackageProductDependency;
			package = 6F7DA30B2F06E9E7009D54F2 /* XCRemoteSwiftPackageReference "firebase-ios-sdk" */;
			productName = FirebaseMessaging;
		};
/* End XCSwiftPackageProductDependency section */
	};
	rootObject = 6F7DA2F22F06E733009D54F2 /* Project object */;
}
